
Microsoft Visual Studio Solution File, Format Version 12.00
# Visual Studio Version 16
VisualStudioVersion = 16.0.32126.315
MinimumVisualStudioVersion = 10.0.40219.1
Project("{FAE04EC0-301F-11D3-BF4B-00C04F79EFBC}") = "Model", "Model\Model.csproj", "{63B2A39F-5DF8-4756-89A8-BA71C4898C2E}"
EndProject
Project("{FAE04EC0-301F-11D3-BF4B-00C04F79EFBC}") = "Services", "Services\Services.csproj", "{BDFA3779-7DD2-4CD9-A39E-5B0104FEB135}"
EndProject
Project("{FAE04EC0-301F-11D3-BF4B-00C04F79EFBC}") = "Networking", "Networking\Networking.csproj", "{BB67A12B-2072-4A01-B1A8-6A8B1E39E196}"
EndProject
Project("{9A19103F-16F7-4668-BE54-9A1E7A4F7556}") = "GrpcServer", "GrpcServer\GrpcServer.csproj", "{43E33E10-D64D-4298-BDBA-79981427D000}"
EndProject
Project("{9A19103F-16F7-4668-BE54-9A1E7A4F7556}") = "VanzariClient", "VanzariClient\VanzariClient.csproj", "{C1A0AEBF-A3FD-429A-AD8D-F9CE7F7934C5}"
EndProject
Global
	GlobalSection(SolutionConfigurationPlatforms) = preSolution
		Debug|Any CPU = Debug|Any CPU
		Release|Any CPU = Release|Any CPU
	EndGlobalSection
	GlobalSection(ProjectConfigurationPlatforms) = postSolution
		{63B2A39F-5DF8-4756-89A8-BA71C4898C2E}.Debug|Any CPU.ActiveCfg = Debug|Any CPU
		{63B2A39F-5DF8-4756-89A8-BA71C4898C2E}.Debug|Any CPU.Build.0 = Debug|Any CPU
		{63B2A39F-5DF8-4756-89A8-BA71C4898C2E}.Release|Any CPU.ActiveCfg = Release|Any CPU
		{63B2A39F-5DF8-4756-89A8-BA71C4898C2E}.Release|Any CPU.Build.0 = Release|Any CPU
		{BDFA3779-7DD2-4CD9-A39E-5B0104FEB135}.Debug|Any CPU.ActiveCfg = Debug|Any CPU
		{BDFA3779-7DD2-4CD9-A39E-5B0104FEB135}.Debug|Any CPU.Build.0 = Debug|Any CPU
		{BDFA3779-7DD2-4CD9-A39E-5B0104FEB135}.Release|Any CPU.ActiveCfg = Release|Any CPU
		{BDFA3779-7DD2-4CD9-A39E-5B0104FEB135}.Release|Any CPU.Build.0 = Release|Any CPU
		{BB67A12B-2072-4A01-B1A8-6A8B1E39E196}.Debug|Any CPU.ActiveCfg = Debug|Any CPU
		{BB67A12B-2072-4A01-B1A8-6A8B1E39E196}.Debug|Any CPU.Build.0 = Debug|Any CPU
		{BB67A12B-2072-4A01-B1A8-6A8B1E39E196}.Release|Any CPU.ActiveCfg = Release|Any CPU
		{BB67A12B-2072-4A01-B1A8-6A8B1E39E196}.Release|Any CPU.Build.0 = Release|Any CPU
		{43E33E10-D64D-4298-BDBA-79981427D000}.Debug|Any CPU.ActiveCfg = Debug|Any CPU
		{43E33E10-D64D-4298-BDBA-79981427D000}.Debug|Any CPU.Build.0 = Debug|Any CPU
		{43E33E10-D64D-4298-BDBA-79981427D000}.Release|Any CPU.ActiveCfg = Release|Any CPU
		{43E33E10-D64D-4298-BDBA-79981427D000}.Release|Any CPU.Build.0 = Release|Any CPU
		{C1A0AEBF-A3FD-429A-AD8D-F9CE7F7934C5}.Debug|Any CPU.ActiveCfg = Debug|Any CPU
		{C1A0AEBF-A3FD-429A-AD8D-F9CE7F7934C5}.Debug|Any CPU.Build.0 = Debug|Any CPU
		{C1A0AEBF-A3FD-429A-AD8D-F9CE7F7934C5}.Release|Any CPU.ActiveCfg = Release|Any CPU
		{C1A0AEBF-A3FD-429A-AD8D-F9CE7F7934C5}.Release|Any CPU.Build.0 = Release|Any CPU
	EndGlobalSection
	GlobalSection(SolutionProperties) = preSolution
		HideSolutionNode = FALSE
	EndGlobalSection
	GlobalSection(ExtensibilityGlobals) = postSolution
		SolutionGuid = {45042DF5-824E-4DFD-BEC1-6A9376F2CD4A}
	EndGlobalSection
EndGlobal
